
Microsoft Visual Studio Solution File, Format Version 12.00
# Visual Studio Version 16
VisualStudioVersion = 16.0.30709.132
MinimumVisualStudioVersion = 10.0.40219.1
Project("{FAE04EC0-301F-11D3-BF4B-00C04F79EFBC}") = "GarfieldDownloader", "GarfieldDownloader\GarfieldDownloader.csproj", "{593DB300-97C3-4B66-8AA7-E98813D39DF1}"
EndProject
Global
	GlobalSection(SolutionConfigurationPlatforms) = preSolution
		Debug|Any CPU = Debug|Any CPU
		Release|Any CPU = Release|Any CPU
	EndGlobalSection
	GlobalSection(ProjectConfigurationPlatforms) = postSolution
		{593DB300-97C3-4B66-8AA7-E98813D39DF1}.Debug|Any CPU.ActiveCfg = Debug|Any CPU
		{593DB300-97C3-4B66-8AA7-E98813D39DF1}.Debug|Any CPU.Build.0 = Debug|Any CPU
		{593DB300-97C3-4B66-8AA7-E98813D39DF1}.Release|Any CPU.ActiveCfg = Release|Any CPU
		{593DB300-97C3-4B66-8AA7-E98813D39DF1}.Release|Any CPU.Build.0 = Release|Any CPU
	EndGlobalSection
	GlobalSection(SolutionProperties) = preSolution
		HideSolutionNode = FALSE
	EndGlobalSection
	GlobalSection(ExtensibilityGlobals) = postSolution
		SolutionGuid = {B2EDF243-AC5C-4185-BEE9-254BE159F21D}
	EndGlobalSection
EndGlobal
